// !$*UTF8*$!
{
	archiveVersion = 1;
	classes = {
	};
	objectVersion = 56;
	objects = {

/* Begin PBXBuildFile section */
		3325C0A629BE1F8200AA2371 /* CGRPCZlib in Frameworks */ = {isa = PBXBuildFile; productRef = 3325C0A529BE1F8200AA2371 /* CGRPCZlib */; };
		3325C0A829BE1F8200AA2371 /* GRPC in Frameworks */ = {isa = PBXBuildFile; productRef = 3325C0A729BE1F8200AA2371 /* GRPC */; };
		3325C0AA29BE1F8200AA2371 /* protoc-gen-grpc-swift in Frameworks */ = {isa = PBXBuildFile; productRef = 3325C0A929BE1F8200AA2371 /* protoc-gen-grpc-swift */; };
		3325C0AF29BE459E00AA2371 /* helloworld.grpc.swift in Sources */ = {isa = PBXBuildFile; fileRef = 3325C0AC29BE459E00AA2371 /* helloworld.grpc.swift */; };
		3325C0B029BE459E00AA2371 /* helloworld.proto in Sources */ = {isa = PBXBuildFile; fileRef = 3325C0AD29BE459E00AA2371 /* helloworld.proto */; };
		3325C0B129BE459E00AA2371 /* helloworld.pb.swift in Sources */ = {isa = PBXBuildFile; fileRef = 3325C0AE29BE459E00AA2371 /* helloworld.pb.swift */; };
		3325C0B929BE54C700AA2371 /* SnapKit in Frameworks */ = {isa = PBXBuildFile; productRef = 3325C0B829BE54C700AA2371 /* SnapKit */; };
		3325C0BB29BF150200AA2371 /* Main.storyboard in Resources */ = {isa = PBXBuildFile; fileRef = 3325C0BA29BF150200AA2371 /* Main.storyboard */; };
		3325C0BE29C0C33800AA2371 /* MainViewModel.swift in Sources */ = {isa = PBXBuildFile; fileRef = 3325C0BD29C0C33800AA2371 /* MainViewModel.swift */; };
		3325C0C129C0C61D00AA2371 /* RxCocoa in Frameworks */ = {isa = PBXBuildFile; productRef = 3325C0C029C0C61D00AA2371 /* RxCocoa */; };
		3325C0C329C0C61D00AA2371 /* RxRelay in Frameworks */ = {isa = PBXBuildFile; productRef = 3325C0C229C0C61D00AA2371 /* RxRelay */; };
		3325C0C529C0C61D00AA2371 /* RxSwift in Frameworks */ = {isa = PBXBuildFile; productRef = 3325C0C429C0C61D00AA2371 /* RxSwift */; };
		338BB0B429BCCD3E00F6A70E /* AppDelegate.swift in Sources */ = {isa = PBXBuildFile; fileRef = 338BB0B329BCCD3E00F6A70E /* AppDelegate.swift */; };
		338BB0B629BCCD3E00F6A70E /* SceneDelegate.swift in Sources */ = {isa = PBXBuildFile; fileRef = 338BB0B529BCCD3E00F6A70E /* SceneDelegate.swift */; };
		338BB0B829BCCD3E00F6A70E /* ViewController.swift in Sources */ = {isa = PBXBuildFile; fileRef = 338BB0B729BCCD3E00F6A70E /* ViewController.swift */; };
		338BB0BD29BCCD4000F6A70E /* Assets.xcassets in Resources */ = {isa = PBXBuildFile; fileRef = 338BB0BC29BCCD4000F6A70E /* Assets.xcassets */; };
		338BB0C029BCCD4000F6A70E /* LaunchScreen.storyboard in Resources */ = {isa = PBXBuildFile; fileRef = 338BB0BE29BCCD4000F6A70E /* LaunchScreen.storyboard */; };
/* End PBXBuildFile section */

/* Begin PBXFileReference section */
		3325C0AC29BE459E00AA2371 /* helloworld.grpc.swift */ = {isa = PBXFileReference; fileEncoding = 4; lastKnownFileType = sourcecode.swift; path = helloworld.grpc.swift; sourceTree = "<group>"; };
		3325C0AD29BE459E00AA2371 /* helloworld.proto */ = {isa = PBXFileReference; fileEncoding = 4; lastKnownFileType = sourcecode.protobuf; path = helloworld.proto; sourceTree = "<group>"; };
		3325C0AE29BE459E00AA2371 /* helloworld.pb.swift */ = {isa = PBXFileReference; fileEncoding = 4; lastKnownFileType = sourcecode.swift; path = helloworld.pb.swift; sourceTree = "<group>"; };
		3325C0BA29BF150200AA2371 /* Main.storyboard */ = {isa = PBXFileReference; lastKnownFileType = file.storyboard; path = Main.storyboard; sourceTree = "<group>"; };
		3325C0BD29C0C33800AA2371 /* MainViewModel.swift */ = {isa = PBXFileReference; lastKnownFileType = sourcecode.swift; path = MainViewModel.swift; sourceTree = "<group>"; };
		338BB0B029BCCD3E00F6A70E /* grpc-prac.app */ = {isa = PBXFileReference; explicitFileType = wrapper.application; includeInIndex = 0; path = "grpc-prac.app"; sourceTree = BUILT_PRODUCTS_DIR; };
		338BB0B329BCCD3E00F6A70E /* AppDelegate.swift */ = {isa = PBXFileReference; lastKnownFileType = sourcecode.swift; path = AppDelegate.swift; sourceTree = "<group>"; };
		338BB0B529BCCD3E00F6A70E /* SceneDelegate.swift */ = {isa = PBXFileReference; lastKnownFileType = sourcecode.swift; path = SceneDelegate.swift; sourceTree = "<group>"; };
		338BB0B729BCCD3E00F6A70E /* ViewController.swift */ = {isa = PBXFileReference; lastKnownFileType = sourcecode.swift; path = ViewController.swift; sourceTree = "<group>"; };
		338BB0BC29BCCD4000F6A70E /* Assets.xcassets */ = {isa = PBXFileReference; lastKnownFileType = folder.assetcatalog; path = Assets.xcassets; sourceTree = "<group>"; };
		338BB0BF29BCCD4000F6A70E /* Base */ = {isa = PBXFileReference; lastKnownFileType = file.storyboard; name = Base; path = Base.lproj/LaunchScreen.storyboard; sourceTree = "<group>"; };
		338BB0C129BCCD4000F6A70E /* Info.plist */ = {isa = PBXFileReference; lastKnownFileType = text.plist.xml; path = Info.plist; sourceTree = "<group>"; };
/* End PBXFileReference section */

/* Begin PBXFrameworksBuildPhase section */
		338BB0AD29BCCD3E00F6A70E /* Frameworks */ = {
			isa = PBXFrameworksBuildPhase;
			buildActionMask = 2147483647;
			files = (
				3325C0C329C0C61D00AA2371 /* RxRelay in Frameworks */,
				3325C0A829BE1F8200AA2371 /* GRPC in Frameworks */,
				3325C0B929BE54C700AA2371 /* SnapKit in Frameworks */,
				3325C0C129C0C61D00AA2371 /* RxCocoa in Frameworks */,
				3325C0A629BE1F8200AA2371 /* CGRPCZlib in Frameworks */,
				3325C0AA29BE1F8200AA2371 /* protoc-gen-grpc-swift in Frameworks */,
				3325C0C529C0C61D00AA2371 /* RxSwift in Frameworks */,
			);
			runOnlyForDeploymentPostprocessing = 0;
		};
/* End PBXFrameworksBuildPhase section */

/* Begin PBXGroup section */
		3325C0AB29BE459500AA2371 /* proto */ = {
			isa = PBXGroup;
			children = (
				3325C0AC29BE459E00AA2371 /* helloworld.grpc.swift */,
				3325C0AE29BE459E00AA2371 /* helloworld.pb.swift */,
				3325C0AD29BE459E00AA2371 /* helloworld.proto */,
			);
			path = proto;
			sourceTree = "<group>";
		};
		3325C0B229BE4F4400AA2371 /* Support */ = {
			isa = PBXGroup;
			children = (
				338BB0BC29BCCD4000F6A70E /* Assets.xcassets */,
				338BB0BE29BCCD4000F6A70E /* LaunchScreen.storyboard */,
				338BB0B329BCCD3E00F6A70E /* AppDelegate.swift */,
				338BB0B529BCCD3E00F6A70E /* SceneDelegate.swift */,
			);
			path = Support;
			sourceTree = "<group>";
		};
		3325C0B329BE4F5B00AA2371 /* Screen */ = {
			isa = PBXGroup;
			children = (
				3325C0B429BE4F6E00AA2371 /* Main */,
			);
			path = Screen;
			sourceTree = "<group>";
		};
		3325C0B429BE4F6E00AA2371 /* Main */ = {
			isa = PBXGroup;
			children = (
				3325C0B629BE543700AA2371 /* Storyboard */,
				3325C0B529BE4F7700AA2371 /* Controller */,
				3325C0AB29BE459500AA2371 /* proto */,
				3325C0BC29C0C32200AA2371 /* ViewModel */,
			);
			path = Main;
			sourceTree = "<group>";
		};
		3325C0B529BE4F7700AA2371 /* Controller */ = {
			isa = PBXGroup;
			children = (
				338BB0B729BCCD3E00F6A70E /* ViewController.swift */,
			);
			path = Controller;
			sourceTree = "<group>";
		};
		3325C0B629BE543700AA2371 /* Storyboard */ = {
			isa = PBXGroup;
			children = (
				3325C0BA29BF150200AA2371 /* Main.storyboard */,
			);
			path = Storyboard;
			sourceTree = "<group>";
		};
		3325C0BC29C0C32200AA2371 /* ViewModel */ = {
			isa = PBXGroup;
			children = (
				3325C0BD29C0C33800AA2371 /* MainViewModel.swift */,
			);
			path = ViewModel;
			sourceTree = "<group>";
		};
		338BB0A729BCCD3E00F6A70E = {
			isa = PBXGroup;
			children = (
				338BB0B229BCCD3E00F6A70E /* grpc-prac */,
				338BB0B129BCCD3E00F6A70E /* Products */,
			);
			sourceTree = "<group>";
		};
		338BB0B129BCCD3E00F6A70E /* Products */ = {
			isa = PBXGroup;
			children = (
				338BB0B029BCCD3E00F6A70E /* grpc-prac.app */,
			);
			name = Products;
			sourceTree = "<group>";
		};
		338BB0B229BCCD3E00F6A70E /* grpc-prac */ = {
			isa = PBXGroup;
			children = (
				3325C0B329BE4F5B00AA2371 /* Screen */,
				3325C0B229BE4F4400AA2371 /* Support */,
				338BB0C129BCCD4000F6A70E /* Info.plist */,
			);
			path = "grpc-prac";
			sourceTree = "<group>";
		};
/* End PBXGroup section */

/* Begin PBXNativeTarget section */
		338BB0AF29BCCD3E00F6A70E /* grpc-prac */ = {
			isa = PBXNativeTarget;
			buildConfigurationList = 338BB0C429BCCD4000F6A70E /* Build configuration list for PBXNativeTarget "grpc-prac" */;
			buildPhases = (
				338BB0AC29BCCD3E00F6A70E /* Sources */,
				338BB0AD29BCCD3E00F6A70E /* Frameworks */,
				338BB0AE29BCCD3E00F6A70E /* Resources */,
			);
			buildRules = (
			);
			dependencies = (
			);
			name = "grpc-prac";
			packageProductDependencies = (
				3325C0A529BE1F8200AA2371 /* CGRPCZlib */,
				3325C0A729BE1F8200AA2371 /* GRPC */,
				3325C0A929BE1F8200AA2371 /* protoc-gen-grpc-swift */,
				3325C0B829BE54C700AA2371 /* SnapKit */,
				3325C0C029C0C61D00AA2371 /* RxCocoa */,
				3325C0C229C0C61D00AA2371 /* RxRelay */,
				3325C0C429C0C61D00AA2371 /* RxSwift */,
			);
			productName = "grpc-prac";
			productReference = 338BB0B029BCCD3E00F6A70E /* grpc-prac.app */;
			productType = "com.apple.product-type.application";
		};
/* End PBXNativeTarget section */

/* Begin PBXProject section */
		338BB0A829BCCD3E00F6A70E /* Project object */ = {
			isa = PBXProject;
			attributes = {
				BuildIndependentTargetsInParallel = 1;
				LastSwiftUpdateCheck = 1420;
				LastUpgradeCheck = 1420;
				TargetAttributes = {
					338BB0AF29BCCD3E00F6A70E = {
						CreatedOnToolsVersion = 14.2;
					};
				};
			};
			buildConfigurationList = 338BB0AB29BCCD3E00F6A70E /* Build configuration list for PBXProject "grpc-prac" */;
			compatibilityVersion = "Xcode 14.0";
			developmentRegion = en;
			hasScannedForEncodings = 0;
			knownRegions = (
				en,
				Base,
			);
			mainGroup = 338BB0A729BCCD3E00F6A70E;
			packageReferences = (
				3325C0A429BE1F8200AA2371 /* XCRemoteSwiftPackageReference "grpc-swift" */,
				3325C0B729BE54C700AA2371 /* XCRemoteSwiftPackageReference "SnapKit" */,
				3325C0BF29C0C61D00AA2371 /* XCRemoteSwiftPackageReference "RxSwift" */,
			);
			productRefGroup = 338BB0B129BCCD3E00F6A70E /* Products */;
			projectDirPath = "";
			projectRoot = "";
			targets = (
				338BB0AF29BCCD3E00F6A70E /* grpc-prac */,
			);
		};
/* End PBXProject section */

/* Begin PBXResourcesBuildPhase section */
		338BB0AE29BCCD3E00F6A70E /* Resources */ = {
			isa = PBXResourcesBuildPhase;
			buildActionMask = 2147483647;
			files = (
				3325C0BB29BF150200AA2371 /* Main.storyboard in Resources */,
				338BB0C029BCCD4000F6A70E /* LaunchScreen.storyboard in Resources */,
				338BB0BD29BCCD4000F6A70E /* Assets.xcassets in Resources */,
			);
			runOnlyForDeploymentPostprocessing = 0;
		};
/* End PBXResourcesBuildPhase section */

/* Begin PBXSourcesBuildPhase section */
		338BB0AC29BCCD3E00F6A70E /* Sources */ = {
			isa = PBXSourcesBuildPhase;
			buildActionMask = 2147483647;
			files = (
				3325C0BE29C0C33800AA2371 /* MainViewModel.swift in Sources */,
				3325C0B129BE459E00AA2371 /* helloworld.pb.swift in Sources */,
				3325C0B029BE459E00AA2371 /* helloworld.proto in Sources */,
				338BB0B829BCCD3E00F6A70E /* ViewController.swift in Sources */,
				338BB0B429BCCD3E00F6A70E /* AppDelegate.swift in Sources */,
				3325C0AF29BE459E00AA2371 /* helloworld.grpc.swift in Sources */,
				338BB0B629BCCD3E00F6A70E /* SceneDelegate.swift in Sources */,
			);
			runOnlyForDeploymentPostprocessing = 0;
		};
/* End PBXSourcesBuildPhase section */

/* Begin PBXVariantGroup section */
		338BB0BE29BCCD4000F6A70E /* LaunchScreen.storyboard */ = {
			isa = PBXVariantGroup;
			children = (
				338BB0BF29BCCD4000F6A70E /* Base */,
			);
			name = LaunchScreen.storyboard;
			sourceTree = "<group>";
		};
/* End PBXVariantGroup section */

/* Begin XCBuildConfiguration section */
		338BB0C229BCCD4000F6A70E /* Debug */ = {
			isa = XCBuildConfiguration;
			buildSettings = {
				ALWAYS_SEARCH_USER_PATHS = NO;
				CLANG_ANALYZER_NONNULL = YES;
				CLANG_ANALYZER_NUMBER_OBJECT_CONVERSION = YES_AGGRESSIVE;
				CLANG_CXX_LANGUAGE_STANDARD = "gnu++20";
				CLANG_ENABLE_MODULES = YES;
				CLANG_ENABLE_OBJC_ARC = YES;
				CLANG_ENABLE_OBJC_WEAK = YES;
				CLANG_WARN_BLOCK_CAPTURE_AUTORELEASING = YES;
				CLANG_WARN_BOOL_CONVERSION = YES;
				CLANG_WARN_COMMA = YES;
				CLANG_WARN_CONSTANT_CONVERSION = YES;
				CLANG_WARN_DEPRECATED_OBJC_IMPLEMENTATIONS = YES;
				CLANG_WARN_DIRECT_OBJC_ISA_USAGE = YES_ERROR;
				CLANG_WARN_DOCUMENTATION_COMMENTS = YES;
				CLANG_WARN_EMPTY_BODY = YES;
				CLANG_WARN_ENUM_CONVERSION = YES;
				CLANG_WARN_INFINITE_RECURSION = YES;
				CLANG_WARN_INT_CONVERSION = YES;
				CLANG_WARN_NON_LITERAL_NULL_CONVERSION = YES;
				CLANG_WARN_OBJC_IMPLICIT_RETAIN_SELF = YES;
				CLANG_WARN_OBJC_LITERAL_CONVERSION = YES;
				CLANG_WARN_OBJC_ROOT_CLASS = YES_ERROR;
				CLANG_WARN_QUOTED_INCLUDE_IN_FRAMEWORK_HEADER = YES;
				CLANG_WARN_RANGE_LOOP_ANALYSIS = YES;
				CLANG_WARN_STRICT_PROTOTYPES = YES;
				CLANG_WARN_SUSPICIOUS_MOVE = YES;
				CLANG_WARN_UNGUARDED_AVAILABILITY = YES_AGGRESSIVE;
				CLANG_WARN_UNREACHABLE_CODE = YES;
				CLANG_WARN__DUPLICATE_METHOD_MATCH = YES;
				COPY_PHASE_STRIP = NO;
				DEBUG_INFORMATION_FORMAT = dwarf;
				ENABLE_STRICT_OBJC_MSGSEND = YES;
				ENABLE_TESTABILITY = YES;
				GCC_C_LANGUAGE_STANDARD = gnu11;
				GCC_DYNAMIC_NO_PIC = NO;
				GCC_NO_COMMON_BLOCKS = YES;
				GCC_OPTIMIZATION_LEVEL = 0;
				GCC_PREPROCESSOR_DEFINITIONS = (
					"DEBUG=1",
					"$(inherited)",
				);
				GCC_WARN_64_TO_32_BIT_CONVERSION = YES;
				GCC_WARN_ABOUT_RETURN_TYPE = YES_ERROR;
				GCC_WARN_UNDECLARED_SELECTOR = YES;
				GCC_WARN_UNINITIALIZED_AUTOS = YES_AGGRESSIVE;
				GCC_WARN_UNUSED_FUNCTION = YES;
				GCC_WARN_UNUSED_VARIABLE = YES;
				IPHONEOS_DEPLOYMENT_TARGET = 16.2;
				MTL_ENABLE_DEBUG_INFO = INCLUDE_SOURCE;
				MTL_FAST_MATH = YES;
				ONLY_ACTIVE_ARCH = YES;
				SDKROOT = iphoneos;
				SWIFT_ACTIVE_COMPILATION_CONDITIONS = DEBUG;
				SWIFT_OPTIMIZATION_LEVEL = "-Onone";
			};
			name = Debug;
		};
		338BB0C329BCCD4000F6A70E /* Release */ = {
			isa = XCBuildConfiguration;
			buildSettings = {
				ALWAYS_SEARCH_USER_PATHS = NO;
				CLANG_ANALYZER_NONNULL = YES;
				CLANG_ANALYZER_NUMBER_OBJECT_CONVERSION = YES_AGGRESSIVE;
				CLANG_CXX_LANGUAGE_STANDARD = "gnu++20";
				CLANG_ENABLE_MODULES = YES;
				CLANG_ENABLE_OBJC_ARC = YES;
				CLANG_ENABLE_OBJC_WEAK = YES;
				CLANG_WARN_BLOCK_CAPTURE_AUTORELEASING = YES;
				CLANG_WARN_BOOL_CONVERSION = YES;
				CLANG_WARN_COMMA = YES;
				CLANG_WARN_CONSTANT_CONVERSION = YES;
				CLANG_WARN_DEPRECATED_OBJC_IMPLEMENTATIONS = YES;
				CLANG_WARN_DIRECT_OBJC_ISA_USAGE = YES_ERROR;
				CLANG_WARN_DOCUMENTATION_COMMENTS = YES;
				CLANG_WARN_EMPTY_BODY = YES;
				CLANG_WARN_ENUM_CONVERSION = YES;
				CLANG_WARN_INFINITE_RECURSION = YES;
				CLANG_WARN_INT_CONVERSION = YES;
				CLANG_WARN_NON_LITERAL_NULL_CONVERSION = YES;
				CLANG_WARN_OBJC_IMPLICIT_RETAIN_SELF = YES;
				CLANG_WARN_OBJC_LITERAL_CONVERSION = YES;
				CLANG_WARN_OBJC_ROOT_CLASS = YES_ERROR;
				CLANG_WARN_QUOTED_INCLUDE_IN_FRAMEWORK_HEADER = YES;
				CLANG_WARN_RANGE_LOOP_ANALYSIS = YES;
				CLANG_WARN_STRICT_PROTOTYPES = YES;
				CLANG_WARN_SUSPICIOUS_MOVE = YES;
				CLANG_WARN_UNGUARDED_AVAILABILITY = YES_AGGRESSIVE;
				CLANG_WARN_UNREACHABLE_CODE = YES;
				CLANG_WARN__DUPLICATE_METHOD_MATCH = YES;
				COPY_PHASE_STRIP = NO;
				DEBUG_INFORMATION_FORMAT = "dwarf-with-dsym";
				ENABLE_NS_ASSERTIONS = NO;
				ENABLE_STRICT_OBJC_MSGSEND = YES;
				GCC_C_LANGUAGE_STANDARD = gnu11;
				GCC_NO_COMMON_BLOCKS = YES;
				GCC_WARN_64_TO_32_BIT_CONVERSION = YES;
				GCC_WARN_ABOUT_RETURN_TYPE = YES_ERROR;
				GCC_WARN_UNDECLARED_SELECTOR = YES;
				GCC_WARN_UNINITIALIZED_AUTOS = YES_AGGRESSIVE;
				GCC_WARN_UNUSED_FUNCTION = YES;
				GCC_WARN_UNUSED_VARIABLE = YES;
				IPHONEOS_DEPLOYMENT_TARGET = 16.2;
				MTL_ENABLE_DEBUG_INFO = NO;
				MTL_FAST_MATH = YES;
				SDKROOT = iphoneos;
				SWIFT_COMPILATION_MODE = wholemodule;
				SWIFT_OPTIMIZATION_LEVEL = "-O";
				VALIDATE_PRODUCT = YES;
			};
			name = Release;
		};
		338BB0C529BCCD4000F6A70E /* Debug */ = {
			isa = XCBuildConfiguration;
			buildSettings = {
				ASSETCATALOG_COMPILER_APPICON_NAME = AppIcon;
				ASSETCATALOG_COMPILER_GLOBAL_ACCENT_COLOR_NAME = AccentColor;
				CODE_SIGN_STYLE = Automatic;
				CURRENT_PROJECT_VERSION = 1;
				DEVELOPMENT_TEAM = 2ZS26WP93H;
				GENERATE_INFOPLIST_FILE = YES;
				INFOPLIST_FILE = "grpc-prac/Info.plist";
				INFOPLIST_KEY_UIApplicationSupportsIndirectInputEvents = YES;
				INFOPLIST_KEY_UILaunchStoryboardName = LaunchScreen;
				INFOPLIST_KEY_UIMainStoryboardFile = Main;
				INFOPLIST_KEY_UISupportedInterfaceOrientations_iPad = "UIInterfaceOrientationPortrait UIInterfaceOrientationPortraitUpsideDown UIInterfaceOrientationLandscapeLeft UIInterfaceOrientationLandscapeRight";
				INFOPLIST_KEY_UISupportedInterfaceOrientations_iPhone = "UIInterfaceOrientationPortrait UIInterfaceOrientationLandscapeLeft UIInterfaceOrientationLandscapeRight";
				LD_RUNPATH_SEARCH_PATHS = (
					"$(inherited)",
					"@executable_path/Frameworks",
				);
				MARKETING_VERSION = 1.0;
				PRODUCT_BUNDLE_IDENTIFIER = "com.swift.hwangJi-dev.grpc-prac";
				PRODUCT_NAME = "$(TARGET_NAME)";
				SWIFT_EMIT_LOC_STRINGS = YES;
				SWIFT_VERSION = 5.0;
				TARGETED_DEVICE_FAMILY = "1,2";
			};
			name = Debug;
		};
		338BB0C629BCCD4000F6A70E /* Release */ = {
			isa = XCBuildConfiguration;
			buildSettings = {
				ASSETCATALOG_COMPILER_APPICON_NAME = AppIcon;
				ASSETCATALOG_COMPILER_GLOBAL_ACCENT_COLOR_NAME = AccentColor;
				CODE_SIGN_STYLE = Automatic;
				CURRENT_PROJECT_VERSION = 1;
				DEVELOPMENT_TEAM = 2ZS26WP93H;
				GENERATE_INFOPLIST_FILE = YES;
				INFOPLIST_FILE = "grpc-prac/Info.plist";
				INFOPLIST_KEY_UIApplicationSupportsIndirectInputEvents = YES;
				INFOPLIST_KEY_UILaunchStoryboardName = LaunchScreen;
				INFOPLIST_KEY_UIMainStoryboardFile = Main;
				INFOPLIST_KEY_UISupportedInterfaceOrientations_iPad = "UIInterfaceOrientationPortrait UIInterfaceOrientationPortraitUpsideDown UIInterfaceOrientationLandscapeLeft UIInterfaceOrientationLandscapeRight";
				INFOPLIST_KEY_UISupportedInterfaceOrientations_iPhone = "UIInterfaceOrientationPortrait UIInterfaceOrientationLandscapeLeft UIInterfaceOrientationLandscapeRight";
				LD_RUNPATH_SEARCH_PATHS = (
					"$(inherited)",
					"@executable_path/Frameworks",
				);
				MARKETING_VERSION = 1.0;
				PRODUCT_BUNDLE_IDENTIFIER = "com.swift.hwangJi-dev.grpc-prac";
				PRODUCT_NAME = "$(TARGET_NAME)";
				SWIFT_EMIT_LOC_STRINGS = YES;
				SWIFT_VERSION = 5.0;
				TARGETED_DEVICE_FAMILY = "1,2";
			};
			name = Release;
		};
/* End XCBuildConfiguration section */

/* Begin XCConfigurationList section */
		338BB0AB29BCCD3E00F6A70E /* Build configuration list for PBXProject "grpc-prac" */ = {
			isa = XCConfigurationList;
			buildConfigurations = (
				338BB0C229BCCD4000F6A70E /* Debug */,
				338BB0C329BCCD4000F6A70E /* Release */,
			);
			defaultConfigurationIsVisible = 0;
			defaultConfigurationName = Release;
		};
		338BB0C429BCCD4000F6A70E /* Build configuration list for PBXNativeTarget "grpc-prac" */ = {
			isa = XCConfigurationList;
			buildConfigurations = (
				338BB0C529BCCD4000F6A70E /* Debug */,
				338BB0C629BCCD4000F6A70E /* Release */,
			);
			defaultConfigurationIsVisible = 0;
			defaultConfigurationName = Release;
		};
/* End XCConfigurationList section */

/* Begin XCRemoteSwiftPackageReference section */
		3325C0A429BE1F8200AA2371 /* XCRemoteSwiftPackageReference "grpc-swift" */ = {
			isa = XCRemoteSwiftPackageReference;
			repositoryURL = "https://github.com/grpc/grpc-swift.git";
			requirement = {
				kind = upToNextMajorVersion;
				minimumVersion = 1.0.0;
			};
		};
		3325C0B729BE54C700AA2371 /* XCRemoteSwiftPackageReference "SnapKit" */ = {
			isa = XCRemoteSwiftPackageReference;
			repositoryURL = "https://github.com/SnapKit/SnapKit";
			requirement = {
				branch = develop;
				kind = branch;
			};
		};
		3325C0BF29C0C61D00AA2371 /* XCRemoteSwiftPackageReference "RxSwift" */ = {
			isa = XCRemoteSwiftPackageReference;
			repositoryURL = "https://github.com/ReactiveX/RxSwift";
			requirement = {
				branch = main;
				kind = branch;
			};
		};
/* End XCRemoteSwiftPackageReference section */

/* Begin XCSwiftPackageProductDependency section */
		3325C0A529BE1F8200AA2371 /* CGRPCZlib */ = {
			isa = XCSwiftPackageProductDependency;
			package = 3325C0A429BE1F8200AA2371 /* XCRemoteSwiftPackageReference "grpc-swift" */;
			productName = CGRPCZlib;
		};
		3325C0A729BE1F8200AA2371 /* GRPC */ = {
			isa = XCSwiftPackageProductDependency;
			package = 3325C0A429BE1F8200AA2371 /* XCRemoteSwiftPackageReference "grpc-swift" */;
			productName = GRPC;
		};
		3325C0A929BE1F8200AA2371 /* protoc-gen-grpc-swift */ = {
			isa = XCSwiftPackageProductDependency;
			package = 3325C0A429BE1F8200AA2371 /* XCRemoteSwiftPackageReference "grpc-swift" */;
			productName = "protoc-gen-grpc-swift";
		};
		3325C0B829BE54C700AA2371 /* SnapKit */ = {
			isa = XCSwiftPackageProductDependency;
			package = 3325C0B729BE54C700AA2371 /* XCRemoteSwiftPackageReference "SnapKit" */;
			productName = SnapKit;
		};
		3325C0C029C0C61D00AA2371 /* RxCocoa */ = {
			isa = XCSwiftPackageProductDependency;
			package = 3325C0BF29C0C61D00AA2371 /* XCRemoteSwiftPackageReference "RxSwift" */;
			productName = RxCocoa;
		};
		3325C0C229C0C61D00AA2371 /* RxRelay */ = {
			isa = XCSwiftPackageProductDependency;
			package = 3325C0BF29C0C61D00AA2371 /* XCRemoteSwiftPackageReference "RxSwift" */;
			productName = RxRelay;
		};
		3325C0C429C0C61D00AA2371 /* RxSwift */ = {
			isa = XCSwiftPackageProductDependency;
			package = 3325C0BF29C0C61D00AA2371 /* XCRemoteSwiftPackageReference "RxSwift" */;
			productName = RxSwift;
		};
/* End XCSwiftPackageProductDependency section */
	};
	rootObject = 338BB0A829BCCD3E00F6A70E /* Project object */;
}
